{
  "nodes": {
    "darwin": {
      "inputs": {
        "nixpkgs": [
          "nixpkgs-unstable"
        ]
      },
      "locked": {
        "lastModified": 1699569089,
        "narHash": "sha256-MdOnyXrmMdVU9o7GpcbWKgehoK9L76ihp8rTikPcC1k=",
        "owner": "lnl7",
        "repo": "nix-darwin",
        "rev": "c8f385766ba076a096caa794309c40f89894d88a",
        "type": "github"
      },
      "original": {
        "owner": "lnl7",
        "repo": "nix-darwin",
        "type": "github"
      }
    },
    "flake-utils": {
      "inputs": {
        "systems": "systems"
      },
      "locked": {
        "lastModified": 1681202837,
        "narHash": "sha256-H+Rh19JDwRtpVPAWp64F+rlEtxUWBAQW28eAi3SRSzg=",
        "owner": "numtide",
        "repo": "flake-utils",
        "rev": "cfacdce06f30d2b68473a46042957675eebb3401",
        "type": "github"
      },
      "original": {
        "owner": "numtide",
        "repo": "flake-utils",
        "type": "github"
      }
    },
    "home-manager": {
      "inputs": {
        "nixpkgs": [
          "nixpkgs"
        ]
      },
      "locked": {
        "lastModified": 1695108154,
        "narHash": "sha256-gSg7UTVtls2yO9lKtP0yb66XBHT1Fx5qZSZbGMpSn2c=",
        "owner": "nix-community",
        "repo": "home-manager",
        "rev": "07682fff75d41f18327a871088d20af2710d4744",
        "type": "github"
      },
      "original": {
        "owner": "nix-community",
        "ref": "release-23.05",
        "repo": "home-manager",
        "type": "github"
      }
    },
    "home-manager-unstable": {
      "inputs": {
        "nixpkgs": [
          "nixpkgs-unstable"
        ]
      },
      "locked": {
        "lastModified": 1699368917,
        "narHash": "sha256-nUtGIWf86BOkUbtksWtfglvCZ/otP0FTZlQH8Rzc7PA=",
        "owner": "nix-community",
        "repo": "home-manager",
        "rev": "6a8444467c83c961e2f5ff64fb4f422e303c98d3",
        "type": "github"
      },
      "original": {
        "owner": "nix-community",
        "repo": "home-manager",
        "type": "github"
      }
    },
    "nixpkgs": {
      "locked": {
        "lastModified": 1699291058,
        "narHash": "sha256-5ggduoaAMPHUy4riL+OrlAZE14Kh7JWX4oLEs22ZqfU=",
        "owner": "nixos",
        "repo": "nixpkgs",
        "rev": "41de143fda10e33be0f47eab2bfe08a50f234267",
        "type": "github"
      },
      "original": {
        "owner": "nixos",
        "ref": "nixos-23.05",
        "repo": "nixpkgs",
        "type": "github"
      }
    },
    "nixpkgs-unstable": {
      "locked": {
        "lastModified": 1699343069,
        "narHash": "sha256-s7BBhyLA6MI6FuJgs4F/SgpntHBzz40/qV0xLPW6A1Q=",
        "owner": "nixos",
        "repo": "nixpkgs",
        "rev": "ec750fd01963ab6b20ee1f0cb488754e8036d89d",
        "type": "github"
      },
      "original": {
        "owner": "nixos",
        "ref": "nixpkgs-unstable",
        "repo": "nixpkgs",
        "type": "github"
      }
    },
    "nixpkgs_ltex-ls": {
      "locked": {
        "lastModified": 1679280192,
        "narHash": "sha256-SRUPpH5rXzcNVUndlgKZfXewYmaOW3Jv6BFvnqoQ2+8=",
        "owner": "NixOS",
        "repo": "nixpkgs",
        "rev": "d8c8f21bdf087cf2c1a259d8925bfd3e85c3339c",
        "type": "github"
      },
      "original": {
        "owner": "NixOS",
        "repo": "nixpkgs",
        "rev": "d8c8f21bdf087cf2c1a259d8925bfd3e85c3339c",
        "type": "github"
      }
    },
    "root": {
      "inputs": {
        "darwin": "darwin",
        "home-manager": "home-manager",
        "home-manager-unstable": "home-manager-unstable",
        "nixpkgs": "nixpkgs",
        "nixpkgs-unstable": "nixpkgs-unstable",
        "nixpkgs_ltex-ls": "nixpkgs_ltex-ls",
        "vscode-server": "vscode-server"
      }
    },
    "systems": {
      "locked": {
        "lastModified": 1681028828,
        "narHash": "sha256-Vy1rq5AaRuLzOxct8nz4T6wlgyUR7zLU309k9mBC768=",
        "owner": "nix-systems",
        "repo": "default",
        "rev": "da67096a3b9bf56a91d16901293e51ba5b49a27e",
        "type": "github"
      },
      "original": {
        "owner": "nix-systems",
        "repo": "default",
        "type": "github"
      }
    },
    "vscode-server": {
      "inputs": {
        "flake-utils": "flake-utils",
        "nixpkgs": [
          "nixpkgs"
        ]
      },
      "locked": {
        "lastModified": 1684517665,
        "narHash": "sha256-SaAr66uCQ8CF75jIr23FZjk1+9Kfwm5sQnwV25206Gs=",
        "owner": "nix-community",
        "repo": "nixos-vscode-server",
        "rev": "1e1358493df6529d4c7bc4cc3066f76fd16d4ae6",
        "type": "github"
      },
      "original": {
        "owner": "nix-community",
        "repo": "nixos-vscode-server",
        "type": "github"
      }
    }
  },
  "root": "root",
  "version": 7
}
